
Microsoft Visual Studio Solution File, Format Version 12.00
Project("{FAE04EC0-301F-11D3-BF4B-00C04F79EFBC}") = "Front-end MAUI", "Front-end MAUI\Front-end MAUI.csproj", "{8869B521-927D-426C-92CB-30F74A126FAA}"
EndProject
Global
	GlobalSection(SolutionConfigurationPlatforms) = preSolution
		Debug|Any CPU = Debug|Any CPU
		Release|Any CPU = Release|Any CPU
	EndGlobalSection
	GlobalSection(ProjectConfigurationPlatforms) = postSolution
		{8869B521-927D-426C-92CB-30F74A126FAA}.Debug|Any CPU.ActiveCfg = Debug|Any CPU
		{8869B521-927D-426C-92CB-30F74A126FAA}.Debug|Any CPU.Build.0 = Debug|Any CPU
		{8869B521-927D-426C-92CB-30F74A126FAA}.Release|Any CPU.ActiveCfg = Release|Any CPU
		{8869B521-927D-426C-92CB-30F74A126FAA}.Release|Any CPU.Build.0 = Release|Any CPU
	EndGlobalSection
EndGlobal
